
Microsoft Visual Studio Solution File, Format Version 12.00
# Visual Studio 14
VisualStudioVersion = 14.0.23107.0
MinimumVisualStudioVersion = 10.0.40219.1
Project("{FAE04EC0-301F-11D3-BF4B-00C04F79EFBC}") = "Common", "Common\Common.csproj", "{53B46EE8-0F55-4567-B8F2-6AA529BEFC97}"
EndProject
Project("{FAE04EC0-301F-11D3-BF4B-00C04F79EFBC}") = "Domain", "Domain\Domain.csproj", "{D1931F38-CD6E-419D-8616-2D34CF509FCB}"
EndProject
Project("{FAE04EC0-301F-11D3-BF4B-00C04F79EFBC}") = "Naive", "Naive\Naive.csproj", "{ED575343-4670-42BE-8430-4E6E1186BA30}"
EndProject
Global
	GlobalSection(SolutionConfigurationPlatforms) = preSolution
		Debug|Any CPU = Debug|Any CPU
		Release|Any CPU = Release|Any CPU
	EndGlobalSection
	GlobalSection(ProjectConfigurationPlatforms) = postSolution
		{53B46EE8-0F55-4567-B8F2-6AA529BEFC97}.Debug|Any CPU.ActiveCfg = Debug|Any CPU
		{53B46EE8-0F55-4567-B8F2-6AA529BEFC97}.Debug|Any CPU.Build.0 = Debug|Any CPU
		{53B46EE8-0F55-4567-B8F2-6AA529BEFC97}.Release|Any CPU.ActiveCfg = Release|Any CPU
		{53B46EE8-0F55-4567-B8F2-6AA529BEFC97}.Release|Any CPU.Build.0 = Release|Any CPU
		{D1931F38-CD6E-419D-8616-2D34CF509FCB}.Debug|Any CPU.ActiveCfg = Debug|Any CPU
		{D1931F38-CD6E-419D-8616-2D34CF509FCB}.Debug|Any CPU.Build.0 = Debug|Any CPU
		{D1931F38-CD6E-419D-8616-2D34CF509FCB}.Release|Any CPU.ActiveCfg = Release|Any CPU
		{D1931F38-CD6E-419D-8616-2D34CF509FCB}.Release|Any CPU.Build.0 = Release|Any CPU
		{ED575343-4670-42BE-8430-4E6E1186BA30}.Debug|Any CPU.ActiveCfg = Debug|Any CPU
		{ED575343-4670-42BE-8430-4E6E1186BA30}.Debug|Any CPU.Build.0 = Debug|Any CPU
		{ED575343-4670-42BE-8430-4E6E1186BA30}.Release|Any CPU.ActiveCfg = Release|Any CPU
		{ED575343-4670-42BE-8430-4E6E1186BA30}.Release|Any CPU.Build.0 = Release|Any CPU
	EndGlobalSection
	GlobalSection(SolutionProperties) = preSolution
		HideSolutionNode = FALSE
	EndGlobalSection
EndGlobal
